{
  "nodes": {
    "crane": {
      "locked": {
        "lastModified": 1773189535,
        "narHash": "sha256-E1G/Or6MWeP+L6mpQ0iTFLpzSzlpGrITfU2220Gq47g=",
        "owner": "ipetkov",
        "repo": "crane",
        "rev": "6fa2fb4cf4a89ba49fc9dd5a3eb6cde99d388269",
        "type": "github"
      },
      "original": {
        "owner": "ipetkov",
        "repo": "crane",
        "type": "github"
      }
    },
    "fenix": {
      "inputs": {
        "nixpkgs": [
          "nixpkgs"
        ],
        "rust-analyzer-src": "rust-analyzer-src"
      },
      "locked": {
        "lastModified": 1775029908,
        "narHash": "sha256-QuPn+EN/097aBLeSqbQ7vOwc5TSOb68bAxg1+mknfmw=",
        "owner": "nix-community",
        "repo": "fenix",
        "rev": "380f1969f440e683333af5746caac76811b4a1a8",
        "type": "github"
      },
      "original": {
        "owner": "nix-community",
        "repo": "fenix",
        "type": "github"
      }
    },
    "flake-parts": {
      "inputs": {
        "nixpkgs-lib": "nixpkgs-lib"
      },
      "locked": {
        "lastModified": 1772408722,
        "narHash": "sha256-rHuJtdcOjK7rAHpHphUb1iCvgkU3GpfvicLMwwnfMT0=",
        "owner": "hercules-ci",
        "repo": "flake-parts",
        "rev": "f20dc5d9b8027381c474144ecabc9034d6a839a3",
        "type": "github"
      },
      "original": {
        "owner": "hercules-ci",
        "repo": "flake-parts",
        "type": "github"
      }
    },
    "helix": {
      "inputs": {
        "nixpkgs": [
          "nixpkgs"
        ],
        "rust-overlay": "rust-overlay"
      },
      "locked": {
        "lastModified": 1775012637,
        "narHash": "sha256-Now9n+9BD37KilctvSOy3GzAdvQLZtPfCcGnxmxtaig=",
        "owner": "helix-editor",
        "repo": "helix",
        "rev": "daac117bbb4348a496bdf851a9a5c1d9612a2938",
        "type": "github"
      },
      "original": {
        "owner": "helix-editor",
        "repo": "helix",
        "type": "github"
      }
    },
    "helix-config": {
      "flake": false,
      "locked": {
        "lastModified": 1773492122,
        "narHash": "sha256-GExYKB22WllcGfvVnLcm08CVeiJzg9MNe03ZFL9gRRM=",
        "owner": "rob-carruthers",
        "repo": "helix",
        "rev": "cd94ad31288f7999575c723aca3c5115562c7e02",
        "type": "github"
      },
      "original": {
        "owner": "rob-carruthers",
        "repo": "helix",
        "type": "github"
      }
    },
    "home-manager": {
      "inputs": {
        "nixpkgs": [
          "nixpkgs"
        ]
      },
      "locked": {
        "lastModified": 1774875830,
        "narHash": "sha256-WPYlTmZvVa9dWlAziFkVjBdv1Z6giNIq40O1DxsBmiI=",
        "owner": "nix-community",
        "repo": "home-manager",
        "rev": "7afd8cebb99e25a64a745765920e663478eb8830",
        "type": "github"
      },
      "original": {
        "owner": "nix-community",
        "ref": "release-25.11",
        "repo": "home-manager",
        "type": "github"
      }
    },
    "legion-kb-rgb": {
      "inputs": {
        "crane": "crane",
        "flake-parts": "flake-parts",
        "nixpkgs": [
          "nixpkgs"
        ],
        "rust-overlay": "rust-overlay_2",
        "systems": "systems"
      },
      "locked": {
        "lastModified": 1773257725,
        "narHash": "sha256-+ZCYHhv+EjP00XYvNazmiknoftKBquFqCS3P5l3u+1A=",
        "owner": "4JX",
        "repo": "L5P-Keyboard-RGB",
        "rev": "b05be4c0b76ec272db5c6d2d23c23094e6ee14c2",
        "type": "github"
      },
      "original": {
        "owner": "4JX",
        "repo": "L5P-Keyboard-RGB",
        "type": "github"
      }
    },
    "nixpkgs": {
      "locked": {
        "lastModified": 1775002709,
        "narHash": "sha256-d3Yx83vSrN+2z/loBh4mJpyRqr9aAJqlke4TkpFmRJA=",
        "owner": "NixOS",
        "repo": "nixpkgs",
        "rev": "bcd464ccd2a1a7cd09aa2f8d4ffba83b761b1d0e",
        "type": "github"
      },
      "original": {
        "owner": "NixOS",
        "ref": "nixos-25.11",
        "repo": "nixpkgs",
        "type": "github"
      }
    },
    "nixpkgs-lib": {
      "locked": {
        "lastModified": 1772328832,
        "narHash": "sha256-e+/T/pmEkLP6BHhYjx6GmwP5ivonQQn0bJdH9YrRB+Q=",
        "owner": "nix-community",
        "repo": "nixpkgs.lib",
        "rev": "c185c7a5e5dd8f9add5b2f8ebeff00888b070742",
        "type": "github"
      },
      "original": {
        "owner": "nix-community",
        "repo": "nixpkgs.lib",
        "type": "github"
      }
    },
    "nixpkgs-unstable": {
      "locked": {
        "lastModified": 1774709303,
        "narHash": "sha256-D3Q07BbIA2KnTcSXIqqu9P586uWxN74zNoCH3h2ESHg=",
        "owner": "NixOS",
        "repo": "nixpkgs",
        "rev": "8110df5ad7abf5d4c0f6fb0f8f978390e77f9685",
        "type": "github"
      },
      "original": {
        "owner": "NixOS",
        "ref": "nixos-unstable",
        "repo": "nixpkgs",
        "type": "github"
      }
    },
    "root": {
      "inputs": {
        "fenix": "fenix",
        "helix": "helix",
        "helix-config": "helix-config",
        "home-manager": "home-manager",
        "legion-kb-rgb": "legion-kb-rgb",
        "nixpkgs": "nixpkgs",
        "nixpkgs-unstable": "nixpkgs-unstable"
      }
    },
    "rust-analyzer-src": {
      "flake": false,
      "locked": {
        "lastModified": 1774948198,
        "narHash": "sha256-oVPo0/3CXM/5uFKu1ZwP7osSV2tiQIFU09Y3UzNbm7g=",
        "owner": "rust-lang",
        "repo": "rust-analyzer",
        "rev": "63b3eff38ef1c216480147dd53b0e4365d55f269",
        "type": "github"
      },
      "original": {
        "owner": "rust-lang",
        "ref": "nightly",
        "repo": "rust-analyzer",
        "type": "github"
      }
    },
    "rust-overlay": {
      "inputs": {
        "nixpkgs": [
          "helix",
          "nixpkgs"
        ]
      },
      "locked": {
        "lastModified": 1759631821,
        "narHash": "sha256-V8A1L0FaU/aSXZ1QNJScxC12uP4hANeRBgI4YdhHeRM=",
        "owner": "oxalica",
        "repo": "rust-overlay",
        "rev": "1d7cbdaad90f8a5255a89a6eddd8af24dc89cafe",
        "type": "github"
      },
      "original": {
        "owner": "oxalica",
        "repo": "rust-overlay",
        "type": "github"
      }
    },
    "rust-overlay_2": {
      "inputs": {
        "nixpkgs": [
          "legion-kb-rgb",
          "nixpkgs"
        ]
      },
      "locked": {
        "lastModified": 1773216618,
        "narHash": "sha256-iZlowevS+xKLGOXtZwpIrz3SWe7PtoGUfEeVZNib+WE=",
        "owner": "oxalica",
        "repo": "rust-overlay",
        "rev": "07d7dc6fcc5eae76b4fb0e19d4afd939437bec97",
        "type": "github"
      },
      "original": {
        "owner": "oxalica",
        "repo": "rust-overlay",
        "type": "github"
      }
    },
    "systems": {
      "flake": false,
      "locked": {
        "lastModified": 1689347949,
        "narHash": "sha256-12tWmuL2zgBgZkdoB6qXZsgJEH9LR3oUgpaQq2RbI80=",
        "owner": "nix-systems",
        "repo": "default-linux",
        "rev": "31732fcf5e8fea42e59c2488ad31a0e651500f68",
        "type": "github"
      },
      "original": {
        "owner": "nix-systems",
        "repo": "default-linux",
        "type": "github"
      }
    }
  },
  "root": "root",
  "version": 7
}
